
Microsoft Visual Studio Solution File, Format Version 12.00
# Visual Studio Version 17
VisualStudioVersion = 17.7.34202.233
MinimumVisualStudioVersion = 10.0.40219.1
Project("{9A19103F-16F7-4668-BE54-9A1E7A4F7556}") = "Nord", "Nord.csproj", "{5CB41C31-3EAE-45F8-BC97-0B2EE091FE96}"
EndProject
Global
	GlobalSection(SolutionConfigurationPlatforms) = preSolution
		Debug|Any CPU = Debug|Any CPU
		Release|Any CPU = Release|Any CPU
	EndGlobalSection
	GlobalSection(ProjectConfigurationPlatforms) = postSolution
		{5CB41C31-3EAE-45F8-BC97-0B2EE091FE96}.Debug|Any CPU.ActiveCfg = Debug|Any CPU
		{5CB41C31-3EAE-45F8-BC97-0B2EE091FE96}.Debug|Any CPU.Build.0 = Debug|Any CPU
		{5CB41C31-3EAE-45F8-BC97-0B2EE091FE96}.Release|Any CPU.ActiveCfg = Release|Any CPU
		{5CB41C31-3EAE-45F8-BC97-0B2EE091FE96}.Release|Any CPU.Build.0 = Release|Any CPU
	EndGlobalSection
	GlobalSection(SolutionProperties) = preSolution
		HideSolutionNode = FALSE
	EndGlobalSection
	GlobalSection(ExtensibilityGlobals) = postSolution
		SolutionGuid = {DBD57119-79B2-4096-B6CC-D3B91C77EB60}
	EndGlobalSection
EndGlobal
